
Microsoft Visual Studio Solution File, Format Version 12.00
Project("{FAE04EC0-301F-11D3-BF4B-00C04F79EFBC}") = "ChallengeTwo", "ChallengeTwo\ChallengeTwo.csproj", "{64C07BE1-ADA4-4633-8FA4-13ED0AFD8EEE}"
EndProject
Global
	GlobalSection(SolutionConfigurationPlatforms) = preSolution
		Debug|Any CPU = Debug|Any CPU
		Release|Any CPU = Release|Any CPU
	EndGlobalSection
	GlobalSection(ProjectConfigurationPlatforms) = postSolution
		{64C07BE1-ADA4-4633-8FA4-13ED0AFD8EEE}.Debug|Any CPU.ActiveCfg = Debug|Any CPU
		{64C07BE1-ADA4-4633-8FA4-13ED0AFD8EEE}.Debug|Any CPU.Build.0 = Debug|Any CPU
		{64C07BE1-ADA4-4633-8FA4-13ED0AFD8EEE}.Release|Any CPU.ActiveCfg = Release|Any CPU
		{64C07BE1-ADA4-4633-8FA4-13ED0AFD8EEE}.Release|Any CPU.Build.0 = Release|Any CPU
	EndGlobalSection
EndGlobal
